// !$*UTF8*$!
{
	archiveVersion = 1;
	classes = {
	};
	objectVersion = 46;
	objects = {

/* Begin PBXBuildFile section */
		3BBD8B791DC8250600EB7A35 /* main.swift in Sources */ = {isa = PBXBuildFile; fileRef = 3BBD8B781DC8250600EB7A35 /* main.swift */; };
/* End PBXBuildFile section */

/* Begin PBXContainerItemProxy section */
		3BBD8B6A1DC823AF00EB7A35 /* PBXContainerItemProxy */ = {
			isa = PBXContainerItemProxy;
			containerPortal = 3BBD8B521DC823AF00EB7A35 /* Project object */;
			proxyType = 1;
			remoteGlobalIDString = 3BBD8B591DC823AF00EB7A35;
			remoteInfo = noonian;
		};
/* End PBXContainerItemProxy section */

/* Begin PBXFileReference section */
		3BBD8B5A1DC823AF00EB7A35 /* noonian.app */ = {isa = PBXFileReference; explicitFileType = wrapper.application; includeInIndex = 0; path = noonian.app; sourceTree = BUILT_PRODUCTS_DIR; };
		3BBD8B641DC823AF00EB7A35 /* Info.plist */ = {isa = PBXFileReference; lastKnownFileType = text.plist.xml; path = Info.plist; sourceTree = "<group>"; };
		3BBD8B691DC823AF00EB7A35 /* noonianTests.xctest */ = {isa = PBXFileReference; explicitFileType = wrapper.cfbundle; includeInIndex = 0; path = noonianTests.xctest; sourceTree = BUILT_PRODUCTS_DIR; };
		3BBD8B6F1DC823AF00EB7A35 /* Info.plist */ = {isa = PBXFileReference; lastKnownFileType = text.plist.xml; path = Info.plist; sourceTree = "<group>"; };
		3BBD8B781DC8250600EB7A35 /* main.swift */ = {isa = PBXFileReference; fileEncoding = 4; lastKnownFileType = sourcecode.swift; path = main.swift; sourceTree = "<group>"; };
/* End PBXFileReference section */

/* Begin PBXFrameworksBuildPhase section */
		3BBD8B571DC823AF00EB7A35 /* Frameworks */ = {
			isa = PBXFrameworksBuildPhase;
			buildActionMask = 2147483647;
			files = (
			);
			runOnlyForDeploymentPostprocessing = 0;
		};
		3BBD8B661DC823AF00EB7A35 /* Frameworks */ = {
			isa = PBXFrameworksBuildPhase;
			buildActionMask = 2147483647;
			files = (
			);
			runOnlyForDeploymentPostprocessing = 0;
		};
/* End PBXFrameworksBuildPhase section */

/* Begin PBXGroup section */
		3BBD8B511DC823AF00EB7A35 = {
			isa = PBXGroup;
			children = (
				3BBD8B5C1DC823AF00EB7A35 /* noonian */,
				3BBD8B6C1DC823AF00EB7A35 /* noonianTests */,
				3BBD8B5B1DC823AF00EB7A35 /* Products */,
			);
			sourceTree = "<group>";
		};
		3BBD8B5B1DC823AF00EB7A35 /* Products */ = {
			isa = PBXGroup;
			children = (
				3BBD8B5A1DC823AF00EB7A35 /* noonian.app */,
				3BBD8B691DC823AF00EB7A35 /* noonianTests.xctest */,
			);
			name = Products;
			sourceTree = "<group>";
		};
		3BBD8B5C1DC823AF00EB7A35 /* noonian */ = {
			isa = PBXGroup;
			children = (
				3BBD8B641DC823AF00EB7A35 /* Info.plist */,
				3BBD8B781DC8250600EB7A35 /* main.swift */,
			);
			path = noonian;
			sourceTree = "<group>";
		};
		3BBD8B6C1DC823AF00EB7A35 /* noonianTests */ = {
			isa = PBXGroup;
			children = (
				3BBD8B6F1DC823AF00EB7A35 /* Info.plist */,
			);
			path = noonianTests;
			sourceTree = "<group>";
		};
/* End PBXGroup section */

/* Begin PBXNativeTarget section */
		3BBD8B591DC823AF00EB7A35 /* noonian */ = {
			isa = PBXNativeTarget;
			buildConfigurationList = 3BBD8B721DC823AF00EB7A35 /* Build configuration list for PBXNativeTarget "noonian" */;
			buildPhases = (
				3BBD8B561DC823AF00EB7A35 /* Sources */,
				3BBD8B571DC823AF00EB7A35 /* Frameworks */,
				3BBD8B581DC823AF00EB7A35 /* Resources */,
			);
			buildRules = (
			);
			dependencies = (
			);
			name = noonian;
			productName = noonian;
			productReference = 3BBD8B5A1DC823AF00EB7A35 /* noonian.app */;
			productType = "com.apple.product-type.application";
		};
		3BBD8B681DC823AF00EB7A35 /* noonianTests */ = {
			isa = PBXNativeTarget;
			buildConfigurationList = 3BBD8B751DC823AF00EB7A35 /* Build configuration list for PBXNativeTarget "noonianTests" */;
			buildPhases = (
				3BBD8B651DC823AF00EB7A35 /* Sources */,
				3BBD8B661DC823AF00EB7A35 /* Frameworks */,
				3BBD8B671DC823AF00EB7A35 /* Resources */,
			);
			buildRules = (
			);
			dependencies = (
				3BBD8B6B1DC823AF00EB7A35 /* PBXTargetDependency */,
			);
			name = noonianTests;
			productName = noonianTests;
			productReference = 3BBD8B691DC823AF00EB7A35 /* noonianTests.xctest */;
			productType = "com.apple.product-type.bundle.unit-test";
		};
/* End PBXNativeTarget section */

/* Begin PBXProject section */
		3BBD8B521DC823AF00EB7A35 /* Project object */ = {
			isa = PBXProject;
			attributes = {
				LastSwiftUpdateCheck = 0810;
				LastUpgradeCheck = 0810;
				ORGANIZATIONNAME = "Scott Hoyt";
				TargetAttributes = {
					3BBD8B591DC823AF00EB7A35 = {
						CreatedOnToolsVersion = 8.1;
						LastSwiftMigration = 0810;
						ProvisioningStyle = Automatic;
					};
					3BBD8B681DC823AF00EB7A35 = {
						CreatedOnToolsVersion = 8.1;
						ProvisioningStyle = Automatic;
						TestTargetID = 3BBD8B591DC823AF00EB7A35;
					};
				};
			};
			buildConfigurationList = 3BBD8B551DC823AF00EB7A35 /* Build configuration list for PBXProject "noonian" */;
			compatibilityVersion = "Xcode 3.2";
			developmentRegion = English;
			hasScannedForEncodings = 0;
			knownRegions = (
				en,
				Base,
			);
			mainGroup = 3BBD8B511DC823AF00EB7A35;
			productRefGroup = 3BBD8B5B1DC823AF00EB7A35 /* Products */;
			projectDirPath = "";
			projectRoot = "";
			targets = (
				3BBD8B591DC823AF00EB7A35 /* noonian */,
				3BBD8B681DC823AF00EB7A35 /* noonianTests */,
			);
		};
/* End PBXProject section */

/* Begin PBXResourcesBuildPhase section */
		3BBD8B581DC823AF00EB7A35 /* Resources */ = {
			isa = PBXResourcesBuildPhase;
			buildActionMask = 2147483647;
			files = (
			);
			runOnlyForDeploymentPostprocessing = 0;
		};
		3BBD8B671DC823AF00EB7A35 /* Resources */ = {
			isa = PBXResourcesBuildPhase;
			buildActionMask = 2147483647;
			files = (
			);
			runOnlyForDeploymentPostprocessing = 0;
		};
/* End PBXResourcesBuildPhase section */

/* Begin PBXSourcesBuildPhase section */
		3BBD8B561DC823AF00EB7A35 /* Sources */ = {
			isa = PBXSourcesBuildPhase;
			buildActionMask = 2147483647;
			files = (
				3BBD8B791DC8250600EB7A35 /* main.swift in Sources */,
			);
			runOnlyForDeploymentPostprocessing = 0;
		};
		3BBD8B651DC823AF00EB7A35 /* Sources */ = {
			isa = PBXSourcesBuildPhase;
			buildActionMask = 2147483647;
			files = (
			);
			runOnlyForDeploymentPostprocessing = 0;
		};
/* End PBXSourcesBuildPhase section */

/* Begin PBXTargetDependency section */
		3BBD8B6B1DC823AF00EB7A35 /* PBXTargetDependency */ = {
			isa = PBXTargetDependency;
			target = 3BBD8B591DC823AF00EB7A35 /* noonian */;
			targetProxy = 3BBD8B6A1DC823AF00EB7A35 /* PBXContainerItemProxy */;
		};
/* End PBXTargetDependency section */

/* Begin XCBuildConfiguration section */
		3BBD8B701DC823AF00EB7A35 /* Debug */ = {
			isa = XCBuildConfiguration;
			buildSettings = {
				ALWAYS_SEARCH_USER_PATHS = NO;
				CLANG_ANALYZER_NONNULL = YES;
				CLANG_CXX_LANGUAGE_STANDARD = "gnu++0x";
				CLANG_CXX_LIBRARY = "libc++";
				CLANG_ENABLE_MODULES = YES;
				CLANG_ENABLE_OBJC_ARC = YES;
				CLANG_WARN_BOOL_CONVERSION = YES;
				CLANG_WARN_CONSTANT_CONVERSION = YES;
				CLANG_WARN_DIRECT_OBJC_ISA_USAGE = YES_ERROR;
				CLANG_WARN_DOCUMENTATION_COMMENTS = YES;
				CLANG_WARN_EMPTY_BODY = YES;
				CLANG_WARN_ENUM_CONVERSION = YES;
				CLANG_WARN_INFINITE_RECURSION = YES;
				CLANG_WARN_INT_CONVERSION = YES;
				CLANG_WARN_OBJC_ROOT_CLASS = YES_ERROR;
				CLANG_WARN_SUSPICIOUS_MOVES = YES;
				CLANG_WARN_UNREACHABLE_CODE = YES;
				CLANG_WARN__DUPLICATE_METHOD_MATCH = YES;
				CODE_SIGN_IDENTITY = "-";
				COPY_PHASE_STRIP = NO;
				DEBUG_INFORMATION_FORMAT = dwarf;
				ENABLE_STRICT_OBJC_MSGSEND = YES;
				ENABLE_TESTABILITY = YES;
				GCC_C_LANGUAGE_STANDARD = gnu99;
				GCC_DYNAMIC_NO_PIC = NO;
				GCC_NO_COMMON_BLOCKS = YES;
				GCC_OPTIMIZATION_LEVEL = 0;
				GCC_PREPROCESSOR_DEFINITIONS = (
					"DEBUG=1",
					"$(inherited)",
				);
				GCC_WARN_64_TO_32_BIT_CONVERSION = YES;
				GCC_WARN_ABOUT_RETURN_TYPE = YES_ERROR;
				GCC_WARN_UNDECLARED_SELECTOR = YES;
				GCC_WARN_UNINITIALIZED_AUTOS = YES_AGGRESSIVE;
				GCC_WARN_UNUSED_FUNCTION = YES;
				GCC_WARN_UNUSED_VARIABLE = YES;
				MACOSX_DEPLOYMENT_TARGET = 10.12;
				MTL_ENABLE_DEBUG_INFO = YES;
				ONLY_ACTIVE_ARCH = YES;
				SDKROOT = macosx;
				SWIFT_ACTIVE_COMPILATION_CONDITIONS = DEBUG;
				SWIFT_OPTIMIZATION_LEVEL = "-Onone";
			};
			name = Debug;
		};
		3BBD8B711DC823AF00EB7A35 /* Release */ = {
			isa = XCBuildConfiguration;
			buildSettings = {
				ALWAYS_SEARCH_USER_PATHS = NO;
				CLANG_ANALYZER_NONNULL = YES;
				CLANG_CXX_LANGUAGE_STANDARD = "gnu++0x";
				CLANG_CXX_LIBRARY = "libc++";
				CLANG_ENABLE_MODULES = YES;
				CLANG_ENABLE_OBJC_ARC = YES;
				CLANG_WARN_BOOL_CONVERSION = YES;
				CLANG_WARN_CONSTANT_CONVERSION = YES;
				CLANG_WARN_DIRECT_OBJC_ISA_USAGE = YES_ERROR;
				CLANG_WARN_DOCUMENTATION_COMMENTS = YES;
				CLANG_WARN_EMPTY_BODY = YES;
				CLANG_WARN_ENUM_CONVERSION = YES;
				CLANG_WARN_INFINITE_RECURSION = YES;
				CLANG_WARN_INT_CONVERSION = YES;
				CLANG_WARN_OBJC_ROOT_CLASS = YES_ERROR;
				CLANG_WARN_SUSPICIOUS_MOVES = YES;
				CLANG_WARN_UNREACHABLE_CODE = YES;
				CLANG_WARN__DUPLICATE_METHOD_MATCH = YES;
				CODE_SIGN_IDENTITY = "-";
				COPY_PHASE_STRIP = NO;
				DEBUG_INFORMATION_FORMAT = "dwarf-with-dsym";
				ENABLE_NS_ASSERTIONS = NO;
				ENABLE_STRICT_OBJC_MSGSEND = YES;
				GCC_C_LANGUAGE_STANDARD = gnu99;
				GCC_NO_COMMON_BLOCKS = YES;
				GCC_WARN_64_TO_32_BIT_CONVERSION = YES;
				GCC_WARN_ABOUT_RETURN_TYPE = YES_ERROR;
				GCC_WARN_UNDECLARED_SELECTOR = YES;
				GCC_WARN_UNINITIALIZED_AUTOS = YES_AGGRESSIVE;
				GCC_WARN_UNUSED_FUNCTION = YES;
				GCC_WARN_UNUSED_VARIABLE = YES;
				MACOSX_DEPLOYMENT_TARGET = 10.12;
				MTL_ENABLE_DEBUG_INFO = NO;
				SDKROOT = macosx;
				SWIFT_OPTIMIZATION_LEVEL = "-Owholemodule";
			};
			name = Release;
		};
		3BBD8B731DC823AF00EB7A35 /* Debug */ = {
			isa = XCBuildConfiguration;
			buildSettings = {
				CLANG_ENABLE_MODULES = YES;
				COMBINE_HIDPI_IMAGES = YES;
				INFOPLIST_FILE = noonian/Info.plist;
				LD_RUNPATH_SEARCH_PATHS = "$(inherited) @executable_path/../Frameworks";
				PRODUCT_BUNDLE_IDENTIFIER = com.scotthoyt.noonian;
				PRODUCT_NAME = "$(TARGET_NAME)";
				SWIFT_OPTIMIZATION_LEVEL = "-Onone";
				SWIFT_VERSION = 3.0;
			};
			name = Debug;
		};
		3BBD8B741DC823AF00EB7A35 /* Release */ = {
			isa = XCBuildConfiguration;
			buildSettings = {
				CLANG_ENABLE_MODULES = YES;
				COMBINE_HIDPI_IMAGES = YES;
				INFOPLIST_FILE = noonian/Info.plist;
				LD_RUNPATH_SEARCH_PATHS = "$(inherited) @executable_path/../Frameworks";
				PRODUCT_BUNDLE_IDENTIFIER = com.scotthoyt.noonian;
				PRODUCT_NAME = "$(TARGET_NAME)";
				SWIFT_VERSION = 3.0;
			};
			name = Release;
		};
		3BBD8B761DC823AF00EB7A35 /* Debug */ = {
			isa = XCBuildConfiguration;
			buildSettings = {
				ALWAYS_EMBED_SWIFT_STANDARD_LIBRARIES = YES;
				BUNDLE_LOADER = "$(TEST_HOST)";
				COMBINE_HIDPI_IMAGES = YES;
				INFOPLIST_FILE = noonianTests/Info.plist;
				LD_RUNPATH_SEARCH_PATHS = "$(inherited) @executable_path/../Frameworks @loader_path/../Frameworks";
				PRODUCT_BUNDLE_IDENTIFIER = com.scotthoyt.noonianTests;
				PRODUCT_NAME = "$(TARGET_NAME)";
				SWIFT_VERSION = 3.0;
				TEST_HOST = "$(BUILT_PRODUCTS_DIR)/noonian.app/Contents/MacOS/noonian";
			};
			name = Debug;
		};
		3BBD8B771DC823AF00EB7A35 /* Release */ = {
			isa = XCBuildConfiguration;
			buildSettings = {
				ALWAYS_EMBED_SWIFT_STANDARD_LIBRARIES = YES;
				BUNDLE_LOADER = "$(TEST_HOST)";
				COMBINE_HIDPI_IMAGES = YES;
				INFOPLIST_FILE = noonianTests/Info.plist;
				LD_RUNPATH_SEARCH_PATHS = "$(inherited) @executable_path/../Frameworks @loader_path/../Frameworks";
				PRODUCT_BUNDLE_IDENTIFIER = com.scotthoyt.noonianTests;
				PRODUCT_NAME = "$(TARGET_NAME)";
				SWIFT_VERSION = 3.0;
				TEST_HOST = "$(BUILT_PRODUCTS_DIR)/noonian.app/Contents/MacOS/noonian";
			};
			name = Release;
		};
/* End XCBuildConfiguration section */

/* Begin XCConfigurationList section */
		3BBD8B551DC823AF00EB7A35 /* Build configuration list for PBXProject "noonian" */ = {
			isa = XCConfigurationList;
			buildConfigurations = (
				3BBD8B701DC823AF00EB7A35 /* Debug */,
				3BBD8B711DC823AF00EB7A35 /* Release */,
			);
			defaultConfigurationIsVisible = 0;
			defaultConfigurationName = Release;
		};
		3BBD8B721DC823AF00EB7A35 /* Build configuration list for PBXNativeTarget "noonian" */ = {
			isa = XCConfigurationList;
			buildConfigurations = (
				3BBD8B731DC823AF00EB7A35 /* Debug */,
				3BBD8B741DC823AF00EB7A35 /* Release */,
			);
			defaultConfigurationIsVisible = 0;
		};
		3BBD8B751DC823AF00EB7A35 /* Build configuration list for PBXNativeTarget "noonianTests" */ = {
			isa = XCConfigurationList;
			buildConfigurations = (
				3BBD8B761DC823AF00EB7A35 /* Debug */,
				3BBD8B771DC823AF00EB7A35 /* Release */,
			);
			defaultConfigurationIsVisible = 0;
		};
/* End XCConfigurationList section */
	};
	rootObject = 3BBD8B521DC823AF00EB7A35 /* Project object */;
}
