// !$*UTF8*$!
{
	archiveVersion = 1;
	classes = {
	};
	objectVersion = 46;
	objects = {

/* Begin PBXBuildFile section */
		3B4114941DCAAD7100709803 /* Commandant.framework in Frameworks */ = {isa = PBXBuildFile; fileRef = 3B4114921DCAAD7100709803 /* Commandant.framework */; };
		3B4114951DCAAD7100709803 /* Result.framework in Frameworks */ = {isa = PBXBuildFile; fileRef = 3B4114931DCAAD7100709803 /* Result.framework */; };
		3B41149A1DCB0A3F00709803 /* Yaml.framework in Frameworks */ = {isa = PBXBuildFile; fileRef = 3B4114991DCB0A3F00709803 /* Yaml.framework */; };
		3B41149D1DCB123A00709803 /* .noonian.yml in Resources */ = {isa = PBXBuildFile; fileRef = 3B41149C1DCB123A00709803 /* .noonian.yml */; };
		3B4114A01DCB12D400709803 /* Task.swift in Sources */ = {isa = PBXBuildFile; fileRef = 3B41149F1DCB12D400709803 /* Task.swift */; };
		3B4114A21DCB133C00709803 /* CommandTask.swift in Sources */ = {isa = PBXBuildFile; fileRef = 3B4114A11DCB133C00709803 /* CommandTask.swift */; };
		3B4114A51DCB142800709803 /* CommandTaskTests.swift in Sources */ = {isa = PBXBuildFile; fileRef = 3B4114A41DCB142800709803 /* CommandTaskTests.swift */; };
		3B4114AF1DCB993000709803 /* NoonianKit.h in Headers */ = {isa = PBXBuildFile; fileRef = 3B4114AD1DCB993000709803 /* NoonianKit.h */; settings = {ATTRIBUTES = (Public, ); }; };
		3B4114B21DCB993000709803 /* NoonianKit.framework in Frameworks */ = {isa = PBXBuildFile; fileRef = 3B4114AB1DCB993000709803 /* NoonianKit.framework */; };
		3B4114B31DCB993000709803 /* NoonianKit.framework in Embed Frameworks */ = {isa = PBXBuildFile; fileRef = 3B4114AB1DCB993000709803 /* NoonianKit.framework */; settings = {ATTRIBUTES = (CodeSignOnCopy, RemoveHeadersOnCopy, ); }; };
		3B4114B81DCB9A6700709803 /* NoonianKit.framework in Frameworks */ = {isa = PBXBuildFile; fileRef = 3B4114AB1DCB993000709803 /* NoonianKit.framework */; };
		3BBD8B791DC8250600EB7A35 /* main.swift in Sources */ = {isa = PBXBuildFile; fileRef = 3BBD8B781DC8250600EB7A35 /* main.swift */; };
		3BBD8BA01DC8308B00EB7A35 /* NothingTests.swift in Sources */ = {isa = PBXBuildFile; fileRef = 3BBD8B9F1DC8308B00EB7A35 /* NothingTests.swift */; };
/* End PBXBuildFile section */

/* Begin PBXContainerItemProxy section */
		3B4114B01DCB993000709803 /* PBXContainerItemProxy */ = {
			isa = PBXContainerItemProxy;
			containerPortal = 3BBD8B521DC823AF00EB7A35 /* Project object */;
			proxyType = 1;
			remoteGlobalIDString = 3B4114AA1DCB993000709803;
			remoteInfo = NoonianKit;
		};
		3BBD8B6A1DC823AF00EB7A35 /* PBXContainerItemProxy */ = {
			isa = PBXContainerItemProxy;
			containerPortal = 3BBD8B521DC823AF00EB7A35 /* Project object */;
			proxyType = 1;
			remoteGlobalIDString = 3BBD8B591DC823AF00EB7A35;
			remoteInfo = noonian;
		};
/* End PBXContainerItemProxy section */

/* Begin PBXCopyFilesBuildPhase section */
		3B4114B71DCB993000709803 /* Embed Frameworks */ = {
			isa = PBXCopyFilesBuildPhase;
			buildActionMask = 2147483647;
			dstPath = "";
			dstSubfolderSpec = 10;
			files = (
				3B4114B31DCB993000709803 /* NoonianKit.framework in Embed Frameworks */,
			);
			name = "Embed Frameworks";
			runOnlyForDeploymentPostprocessing = 0;
		};
/* End PBXCopyFilesBuildPhase section */

/* Begin PBXFileReference section */
		3B4114921DCAAD7100709803 /* Commandant.framework */ = {isa = PBXFileReference; lastKnownFileType = wrapper.framework; name = Commandant.framework; path = Carthage/Build/Mac/Commandant.framework; sourceTree = "<group>"; };
		3B4114931DCAAD7100709803 /* Result.framework */ = {isa = PBXFileReference; lastKnownFileType = wrapper.framework; name = Result.framework; path = Carthage/Build/Mac/Result.framework; sourceTree = "<group>"; };
		3B4114991DCB0A3F00709803 /* Yaml.framework */ = {isa = PBXFileReference; lastKnownFileType = wrapper.framework; name = Yaml.framework; path = Carthage/Build/Mac/Yaml.framework; sourceTree = "<group>"; };
		3B41149C1DCB123A00709803 /* .noonian.yml */ = {isa = PBXFileReference; fileEncoding = 4; lastKnownFileType = text; path = .noonian.yml; sourceTree = "<group>"; };
		3B41149F1DCB12D400709803 /* Task.swift */ = {isa = PBXFileReference; fileEncoding = 4; lastKnownFileType = sourcecode.swift; path = Task.swift; sourceTree = "<group>"; };
		3B4114A11DCB133C00709803 /* CommandTask.swift */ = {isa = PBXFileReference; fileEncoding = 4; lastKnownFileType = sourcecode.swift; path = CommandTask.swift; sourceTree = "<group>"; };
		3B4114A41DCB142800709803 /* CommandTaskTests.swift */ = {isa = PBXFileReference; fileEncoding = 4; lastKnownFileType = sourcecode.swift; path = CommandTaskTests.swift; sourceTree = "<group>"; };
		3B4114AB1DCB993000709803 /* NoonianKit.framework */ = {isa = PBXFileReference; explicitFileType = wrapper.framework; includeInIndex = 0; path = NoonianKit.framework; sourceTree = BUILT_PRODUCTS_DIR; };
		3B4114AD1DCB993000709803 /* NoonianKit.h */ = {isa = PBXFileReference; lastKnownFileType = sourcecode.c.h; path = NoonianKit.h; sourceTree = "<group>"; };
		3B4114AE1DCB993000709803 /* Info.plist */ = {isa = PBXFileReference; lastKnownFileType = text.plist.xml; path = Info.plist; sourceTree = "<group>"; };
		3BBD8B5A1DC823AF00EB7A35 /* noonian.app */ = {isa = PBXFileReference; explicitFileType = wrapper.application; includeInIndex = 0; path = noonian.app; sourceTree = BUILT_PRODUCTS_DIR; };
		3BBD8B641DC823AF00EB7A35 /* Info.plist */ = {isa = PBXFileReference; lastKnownFileType = text.plist.xml; path = Info.plist; sourceTree = "<group>"; };
		3BBD8B691DC823AF00EB7A35 /* NoonianKitTests.xctest */ = {isa = PBXFileReference; explicitFileType = wrapper.cfbundle; includeInIndex = 0; path = NoonianKitTests.xctest; sourceTree = BUILT_PRODUCTS_DIR; };
		3BBD8B6F1DC823AF00EB7A35 /* Info.plist */ = {isa = PBXFileReference; lastKnownFileType = text.plist.xml; path = Info.plist; sourceTree = "<group>"; };
		3BBD8B781DC8250600EB7A35 /* main.swift */ = {isa = PBXFileReference; fileEncoding = 4; lastKnownFileType = sourcecode.swift; path = main.swift; sourceTree = "<group>"; };
		3BBD8B9F1DC8308B00EB7A35 /* NothingTests.swift */ = {isa = PBXFileReference; fileEncoding = 4; lastKnownFileType = sourcecode.swift; path = NothingTests.swift; sourceTree = "<group>"; };
		3BBD8BA41DC845E400EB7A35 /* LinuxMain.swift */ = {isa = PBXFileReference; fileEncoding = 4; lastKnownFileType = sourcecode.swift; name = LinuxMain.swift; path = Tests/LinuxMain.swift; sourceTree = SOURCE_ROOT; };
/* End PBXFileReference section */

/* Begin PBXFrameworksBuildPhase section */
		3B4114A71DCB993000709803 /* Frameworks */ = {
			isa = PBXFrameworksBuildPhase;
			buildActionMask = 2147483647;
			files = (
			);
			runOnlyForDeploymentPostprocessing = 0;
		};
		3BBD8B571DC823AF00EB7A35 /* Frameworks */ = {
			isa = PBXFrameworksBuildPhase;
			buildActionMask = 2147483647;
			files = (
				3B4114941DCAAD7100709803 /* Commandant.framework in Frameworks */,
				3B4114951DCAAD7100709803 /* Result.framework in Frameworks */,
				3B4114B21DCB993000709803 /* NoonianKit.framework in Frameworks */,
				3B41149A1DCB0A3F00709803 /* Yaml.framework in Frameworks */,
			);
			runOnlyForDeploymentPostprocessing = 0;
		};
		3BBD8B661DC823AF00EB7A35 /* Frameworks */ = {
			isa = PBXFrameworksBuildPhase;
			buildActionMask = 2147483647;
			files = (
				3B4114B81DCB9A6700709803 /* NoonianKit.framework in Frameworks */,
			);
			runOnlyForDeploymentPostprocessing = 0;
		};
/* End PBXFrameworksBuildPhase section */

/* Begin PBXGroup section */
		3B4114961DCAAD7600709803 /* Frameworks */ = {
			isa = PBXGroup;
			children = (
				3B4114991DCB0A3F00709803 /* Yaml.framework */,
				3B4114921DCAAD7100709803 /* Commandant.framework */,
				3B4114931DCAAD7100709803 /* Result.framework */,
			);
			name = Frameworks;
			sourceTree = "<group>";
		};
		3B41149B1DCB123A00709803 /* Fixtures */ = {
			isa = PBXGroup;
			children = (
				3B41149C1DCB123A00709803 /* .noonian.yml */,
			);
			path = Fixtures;
			sourceTree = "<group>";
		};
		3B41149E1DCB12BB00709803 /* Tasks */ = {
			isa = PBXGroup;
			children = (
				3B41149F1DCB12D400709803 /* Task.swift */,
				3B4114A11DCB133C00709803 /* CommandTask.swift */,
			);
			name = Tasks;
			path = Sources/NoonianKit/Tasks;
			sourceTree = SOURCE_ROOT;
		};
		3B4114A31DCB140000709803 /* Tasks */ = {
			isa = PBXGroup;
			children = (
				3B4114A41DCB142800709803 /* CommandTaskTests.swift */,
			);
			path = Tasks;
			sourceTree = "<group>";
		};
		3B4114AC1DCB993000709803 /* NoonianKit */ = {
			isa = PBXGroup;
			children = (
				3B41149E1DCB12BB00709803 /* Tasks */,
				3B4114AD1DCB993000709803 /* NoonianKit.h */,
				3B4114AE1DCB993000709803 /* Info.plist */,
			);
			name = NoonianKit;
			path = Sources/NoonianKit;
			sourceTree = "<group>";
		};
		3BBD8B511DC823AF00EB7A35 = {
			isa = PBXGroup;
			children = (
				3B4114961DCAAD7600709803 /* Frameworks */,
				3BBD8B5C1DC823AF00EB7A35 /* noonian */,
				3B4114AC1DCB993000709803 /* NoonianKit */,
				3BBD8B6C1DC823AF00EB7A35 /* NoonianKitTests */,
				3BBD8B5B1DC823AF00EB7A35 /* Products */,
			);
			sourceTree = "<group>";
		};
		3BBD8B5B1DC823AF00EB7A35 /* Products */ = {
			isa = PBXGroup;
			children = (
				3BBD8B5A1DC823AF00EB7A35 /* noonian.app */,
				3BBD8B691DC823AF00EB7A35 /* NoonianKitTests.xctest */,
				3B4114AB1DCB993000709803 /* NoonianKit.framework */,
			);
			name = Products;
			sourceTree = "<group>";
		};
		3BBD8B5C1DC823AF00EB7A35 /* noonian */ = {
			isa = PBXGroup;
			children = (
				3BBD8B641DC823AF00EB7A35 /* Info.plist */,
				3BBD8B781DC8250600EB7A35 /* main.swift */,
			);
			name = noonian;
			path = Sources/noonian;
			sourceTree = "<group>";
		};
		3BBD8B6C1DC823AF00EB7A35 /* NoonianKitTests */ = {
			isa = PBXGroup;
			children = (
				3B41149B1DCB123A00709803 /* Fixtures */,
				3B4114A31DCB140000709803 /* Tasks */,
				3BBD8BA41DC845E400EB7A35 /* LinuxMain.swift */,
				3BBD8B6F1DC823AF00EB7A35 /* Info.plist */,
				3BBD8B9F1DC8308B00EB7A35 /* NothingTests.swift */,
			);
			name = NoonianKitTests;
			path = Tests/NoonianKitTests;
			sourceTree = "<group>";
		};
/* End PBXGroup section */

/* Begin PBXHeadersBuildPhase section */
		3B4114A81DCB993000709803 /* Headers */ = {
			isa = PBXHeadersBuildPhase;
			buildActionMask = 2147483647;
			files = (
				3B4114AF1DCB993000709803 /* NoonianKit.h in Headers */,
			);
			runOnlyForDeploymentPostprocessing = 0;
		};
/* End PBXHeadersBuildPhase section */

/* Begin PBXNativeTarget section */
		3B4114AA1DCB993000709803 /* NoonianKit */ = {
			isa = PBXNativeTarget;
			buildConfigurationList = 3B4114B41DCB993000709803 /* Build configuration list for PBXNativeTarget "NoonianKit" */;
			buildPhases = (
				3B4114A61DCB993000709803 /* Sources */,
				3B4114A71DCB993000709803 /* Frameworks */,
				3B4114A81DCB993000709803 /* Headers */,
				3B4114A91DCB993000709803 /* Resources */,
			);
			buildRules = (
			);
			dependencies = (
			);
			name = NoonianKit;
			productName = NoonianKit;
			productReference = 3B4114AB1DCB993000709803 /* NoonianKit.framework */;
			productType = "com.apple.product-type.framework";
		};
		3BBD8B591DC823AF00EB7A35 /* noonian */ = {
			isa = PBXNativeTarget;
			buildConfigurationList = 3BBD8B721DC823AF00EB7A35 /* Build configuration list for PBXNativeTarget "noonian" */;
			buildPhases = (
				3BBD8B561DC823AF00EB7A35 /* Sources */,
				3BBD8B571DC823AF00EB7A35 /* Frameworks */,
				3BBD8BA81DC84DD000EB7A35 /* Swiftlint */,
				3BBD8B581DC823AF00EB7A35 /* Resources */,
				3B4114981DCAADB800709803 /* Carthage Copy Frameworks */,
				3B4114B71DCB993000709803 /* Embed Frameworks */,
			);
			buildRules = (
			);
			dependencies = (
				3B4114B11DCB993000709803 /* PBXTargetDependency */,
			);
			name = noonian;
			productName = noonian;
			productReference = 3BBD8B5A1DC823AF00EB7A35 /* noonian.app */;
			productType = "com.apple.product-type.application";
		};
		3BBD8B681DC823AF00EB7A35 /* NoonianKitTests */ = {
			isa = PBXNativeTarget;
			buildConfigurationList = 3BBD8B751DC823AF00EB7A35 /* Build configuration list for PBXNativeTarget "NoonianKitTests" */;
			buildPhases = (
				3BBD8B651DC823AF00EB7A35 /* Sources */,
				3BBD8B661DC823AF00EB7A35 /* Frameworks */,
				3BBD8B671DC823AF00EB7A35 /* Resources */,
			);
			buildRules = (
			);
			dependencies = (
				3BBD8B6B1DC823AF00EB7A35 /* PBXTargetDependency */,
			);
			name = NoonianKitTests;
			productName = noonianTests;
			productReference = 3BBD8B691DC823AF00EB7A35 /* NoonianKitTests.xctest */;
			productType = "com.apple.product-type.bundle.unit-test";
		};
/* End PBXNativeTarget section */

/* Begin PBXProject section */
		3BBD8B521DC823AF00EB7A35 /* Project object */ = {
			isa = PBXProject;
			attributes = {
				LastSwiftUpdateCheck = 0810;
				LastUpgradeCheck = 0810;
				ORGANIZATIONNAME = "Scott Hoyt";
				TargetAttributes = {
					3B4114AA1DCB993000709803 = {
						CreatedOnToolsVersion = 8.1;
						ProvisioningStyle = Automatic;
					};
					3BBD8B591DC823AF00EB7A35 = {
						CreatedOnToolsVersion = 8.1;
						LastSwiftMigration = 0810;
						ProvisioningStyle = Automatic;
					};
					3BBD8B681DC823AF00EB7A35 = {
						CreatedOnToolsVersion = 8.1;
						LastSwiftMigration = 0810;
						ProvisioningStyle = Automatic;
					};
				};
			};
			buildConfigurationList = 3BBD8B551DC823AF00EB7A35 /* Build configuration list for PBXProject "Noonian" */;
			compatibilityVersion = "Xcode 3.2";
			developmentRegion = English;
			hasScannedForEncodings = 0;
			knownRegions = (
				en,
				Base,
			);
			mainGroup = 3BBD8B511DC823AF00EB7A35;
			productRefGroup = 3BBD8B5B1DC823AF00EB7A35 /* Products */;
			projectDirPath = "";
			projectRoot = "";
			targets = (
				3BBD8B591DC823AF00EB7A35 /* noonian */,
				3BBD8B681DC823AF00EB7A35 /* NoonianKitTests */,
				3B4114AA1DCB993000709803 /* NoonianKit */,
			);
		};
/* End PBXProject section */

/* Begin PBXResourcesBuildPhase section */
		3B4114A91DCB993000709803 /* Resources */ = {
			isa = PBXResourcesBuildPhase;
			buildActionMask = 2147483647;
			files = (
			);
			runOnlyForDeploymentPostprocessing = 0;
		};
		3BBD8B581DC823AF00EB7A35 /* Resources */ = {
			isa = PBXResourcesBuildPhase;
			buildActionMask = 2147483647;
			files = (
			);
			runOnlyForDeploymentPostprocessing = 0;
		};
		3BBD8B671DC823AF00EB7A35 /* Resources */ = {
			isa = PBXResourcesBuildPhase;
			buildActionMask = 2147483647;
			files = (
				3B41149D1DCB123A00709803 /* .noonian.yml in Resources */,
			);
			runOnlyForDeploymentPostprocessing = 0;
		};
/* End PBXResourcesBuildPhase section */

/* Begin PBXShellScriptBuildPhase section */
		3B4114981DCAADB800709803 /* Carthage Copy Frameworks */ = {
			isa = PBXShellScriptBuildPhase;
			buildActionMask = 2147483647;
			files = (
			);
			inputPaths = (
				"$(SRCROOT)/Carthage/Build/Mac/Result.framework",
				"$(SRCROOT)/Carthage/Build/Mac/Commandant.framework",
				"$(SRCROOT)/Carthage/Build/Mac/YAML.framework",
			);
			name = "Carthage Copy Frameworks";
			outputPaths = (
			);
			runOnlyForDeploymentPostprocessing = 0;
			shellPath = /bin/sh;
			shellScript = "/usr/local/bin/carthage copy-frameworks";
		};
		3BBD8BA81DC84DD000EB7A35 /* Swiftlint */ = {
			isa = PBXShellScriptBuildPhase;
			buildActionMask = 2147483647;
			files = (
			);
			inputPaths = (
			);
			name = Swiftlint;
			outputPaths = (
			);
			runOnlyForDeploymentPostprocessing = 0;
			shellPath = /bin/sh;
			shellScript = "if which swiftlint >/dev/null; then\n  swiftlint\nelse\n  echo \"warning: SwiftLint not installed, download from https://github.com/realm/SwiftLint\"\nfi";
		};
/* End PBXShellScriptBuildPhase section */

/* Begin PBXSourcesBuildPhase section */
		3B4114A61DCB993000709803 /* Sources */ = {
			isa = PBXSourcesBuildPhase;
			buildActionMask = 2147483647;
			files = (
			);
			runOnlyForDeploymentPostprocessing = 0;
		};
		3BBD8B561DC823AF00EB7A35 /* Sources */ = {
			isa = PBXSourcesBuildPhase;
			buildActionMask = 2147483647;
			files = (
				3BBD8B791DC8250600EB7A35 /* main.swift in Sources */,
			);
			runOnlyForDeploymentPostprocessing = 0;
		};
		3BBD8B651DC823AF00EB7A35 /* Sources */ = {
			isa = PBXSourcesBuildPhase;
			buildActionMask = 2147483647;
			files = (
				3B4114A21DCB133C00709803 /* CommandTask.swift in Sources */,
				3B4114A01DCB12D400709803 /* Task.swift in Sources */,
				3B4114A51DCB142800709803 /* CommandTaskTests.swift in Sources */,
				3BBD8BA01DC8308B00EB7A35 /* NothingTests.swift in Sources */,
			);
			runOnlyForDeploymentPostprocessing = 0;
		};
/* End PBXSourcesBuildPhase section */

/* Begin PBXTargetDependency section */
		3B4114B11DCB993000709803 /* PBXTargetDependency */ = {
			isa = PBXTargetDependency;
			target = 3B4114AA1DCB993000709803 /* NoonianKit */;
			targetProxy = 3B4114B01DCB993000709803 /* PBXContainerItemProxy */;
		};
		3BBD8B6B1DC823AF00EB7A35 /* PBXTargetDependency */ = {
			isa = PBXTargetDependency;
			target = 3BBD8B591DC823AF00EB7A35 /* noonian */;
			targetProxy = 3BBD8B6A1DC823AF00EB7A35 /* PBXContainerItemProxy */;
		};
/* End PBXTargetDependency section */

/* Begin XCBuildConfiguration section */
		3B4114B51DCB993000709803 /* Debug */ = {
			isa = XCBuildConfiguration;
			buildSettings = {
				CODE_SIGN_IDENTITY = "";
				COMBINE_HIDPI_IMAGES = YES;
				CURRENT_PROJECT_VERSION = 1;
				DEFINES_MODULE = YES;
				DYLIB_COMPATIBILITY_VERSION = 1;
				DYLIB_CURRENT_VERSION = 1;
				DYLIB_INSTALL_NAME_BASE = "@rpath";
				FRAMEWORK_VERSION = A;
				INFOPLIST_FILE = "$(SRCROOT)/Sources/NoonianKit/Info.plist";
				INSTALL_PATH = "$(LOCAL_LIBRARY_DIR)/Frameworks";
				LD_RUNPATH_SEARCH_PATHS = "$(inherited) @executable_path/../Frameworks @loader_path/Frameworks";
				MACOSX_DEPLOYMENT_TARGET = 10.9;
				PRODUCT_BUNDLE_IDENTIFIER = com.scotthoyt.NoonianKit;
				PRODUCT_NAME = "$(TARGET_NAME)";
				SKIP_INSTALL = YES;
				SWIFT_VERSION = 3.0;
				VERSIONING_SYSTEM = "apple-generic";
				VERSION_INFO_PREFIX = "";
			};
			name = Debug;
		};
		3B4114B61DCB993000709803 /* Release */ = {
			isa = XCBuildConfiguration;
			buildSettings = {
				CODE_SIGN_IDENTITY = "";
				COMBINE_HIDPI_IMAGES = YES;
				CURRENT_PROJECT_VERSION = 1;
				DEFINES_MODULE = YES;
				DYLIB_COMPATIBILITY_VERSION = 1;
				DYLIB_CURRENT_VERSION = 1;
				DYLIB_INSTALL_NAME_BASE = "@rpath";
				FRAMEWORK_VERSION = A;
				INFOPLIST_FILE = "$(SRCROOT)/Sources/NoonianKit/Info.plist";
				INSTALL_PATH = "$(LOCAL_LIBRARY_DIR)/Frameworks";
				LD_RUNPATH_SEARCH_PATHS = "$(inherited) @executable_path/../Frameworks @loader_path/Frameworks";
				MACOSX_DEPLOYMENT_TARGET = 10.9;
				PRODUCT_BUNDLE_IDENTIFIER = com.scotthoyt.NoonianKit;
				PRODUCT_NAME = "$(TARGET_NAME)";
				SKIP_INSTALL = YES;
				SWIFT_VERSION = 3.0;
				VERSIONING_SYSTEM = "apple-generic";
				VERSION_INFO_PREFIX = "";
			};
			name = Release;
		};
		3BBD8B701DC823AF00EB7A35 /* Debug */ = {
			isa = XCBuildConfiguration;
			buildSettings = {
				ALWAYS_SEARCH_USER_PATHS = NO;
				CLANG_ANALYZER_NONNULL = YES;
				CLANG_CXX_LANGUAGE_STANDARD = "gnu++0x";
				CLANG_CXX_LIBRARY = "libc++";
				CLANG_ENABLE_MODULES = YES;
				CLANG_ENABLE_OBJC_ARC = YES;
				CLANG_WARN_BOOL_CONVERSION = YES;
				CLANG_WARN_CONSTANT_CONVERSION = YES;
				CLANG_WARN_DIRECT_OBJC_ISA_USAGE = YES_ERROR;
				CLANG_WARN_DOCUMENTATION_COMMENTS = YES;
				CLANG_WARN_EMPTY_BODY = YES;
				CLANG_WARN_ENUM_CONVERSION = YES;
				CLANG_WARN_INFINITE_RECURSION = YES;
				CLANG_WARN_INT_CONVERSION = YES;
				CLANG_WARN_OBJC_ROOT_CLASS = YES_ERROR;
				CLANG_WARN_SUSPICIOUS_MOVES = YES;
				CLANG_WARN_UNREACHABLE_CODE = YES;
				CLANG_WARN__DUPLICATE_METHOD_MATCH = YES;
				CODE_SIGN_IDENTITY = "-";
				COPY_PHASE_STRIP = NO;
				DEBUG_INFORMATION_FORMAT = dwarf;
				ENABLE_STRICT_OBJC_MSGSEND = YES;
				ENABLE_TESTABILITY = YES;
				GCC_C_LANGUAGE_STANDARD = gnu99;
				GCC_DYNAMIC_NO_PIC = NO;
				GCC_NO_COMMON_BLOCKS = YES;
				GCC_OPTIMIZATION_LEVEL = 0;
				GCC_PREPROCESSOR_DEFINITIONS = (
					"DEBUG=1",
					"$(inherited)",
				);
				GCC_WARN_64_TO_32_BIT_CONVERSION = YES;
				GCC_WARN_ABOUT_RETURN_TYPE = YES_ERROR;
				GCC_WARN_UNDECLARED_SELECTOR = YES;
				GCC_WARN_UNINITIALIZED_AUTOS = YES_AGGRESSIVE;
				GCC_WARN_UNUSED_FUNCTION = YES;
				GCC_WARN_UNUSED_VARIABLE = YES;
				MACOSX_DEPLOYMENT_TARGET = 10.12;
				MTL_ENABLE_DEBUG_INFO = YES;
				ONLY_ACTIVE_ARCH = YES;
				SDKROOT = macosx;
				SWIFT_ACTIVE_COMPILATION_CONDITIONS = DEBUG;
				SWIFT_OPTIMIZATION_LEVEL = "-Onone";
			};
			name = Debug;
		};
		3BBD8B711DC823AF00EB7A35 /* Release */ = {
			isa = XCBuildConfiguration;
			buildSettings = {
				ALWAYS_SEARCH_USER_PATHS = NO;
				CLANG_ANALYZER_NONNULL = YES;
				CLANG_CXX_LANGUAGE_STANDARD = "gnu++0x";
				CLANG_CXX_LIBRARY = "libc++";
				CLANG_ENABLE_MODULES = YES;
				CLANG_ENABLE_OBJC_ARC = YES;
				CLANG_WARN_BOOL_CONVERSION = YES;
				CLANG_WARN_CONSTANT_CONVERSION = YES;
				CLANG_WARN_DIRECT_OBJC_ISA_USAGE = YES_ERROR;
				CLANG_WARN_DOCUMENTATION_COMMENTS = YES;
				CLANG_WARN_EMPTY_BODY = YES;
				CLANG_WARN_ENUM_CONVERSION = YES;
				CLANG_WARN_INFINITE_RECURSION = YES;
				CLANG_WARN_INT_CONVERSION = YES;
				CLANG_WARN_OBJC_ROOT_CLASS = YES_ERROR;
				CLANG_WARN_SUSPICIOUS_MOVES = YES;
				CLANG_WARN_UNREACHABLE_CODE = YES;
				CLANG_WARN__DUPLICATE_METHOD_MATCH = YES;
				CODE_SIGN_IDENTITY = "-";
				COPY_PHASE_STRIP = NO;
				DEBUG_INFORMATION_FORMAT = "dwarf-with-dsym";
				ENABLE_NS_ASSERTIONS = NO;
				ENABLE_STRICT_OBJC_MSGSEND = YES;
				GCC_C_LANGUAGE_STANDARD = gnu99;
				GCC_NO_COMMON_BLOCKS = YES;
				GCC_WARN_64_TO_32_BIT_CONVERSION = YES;
				GCC_WARN_ABOUT_RETURN_TYPE = YES_ERROR;
				GCC_WARN_UNDECLARED_SELECTOR = YES;
				GCC_WARN_UNINITIALIZED_AUTOS = YES_AGGRESSIVE;
				GCC_WARN_UNUSED_FUNCTION = YES;
				GCC_WARN_UNUSED_VARIABLE = YES;
				MACOSX_DEPLOYMENT_TARGET = 10.12;
				MTL_ENABLE_DEBUG_INFO = NO;
				SDKROOT = macosx;
				SWIFT_OPTIMIZATION_LEVEL = "-Owholemodule";
			};
			name = Release;
		};
		3BBD8B731DC823AF00EB7A35 /* Debug */ = {
			isa = XCBuildConfiguration;
			buildSettings = {
				CLANG_ENABLE_MODULES = YES;
				COMBINE_HIDPI_IMAGES = YES;
				FRAMEWORK_SEARCH_PATHS = (
					"$(inherited)",
					"$(PROJECT_DIR)/Carthage/Build/Mac",
				);
				INFOPLIST_FILE = "$(SRCROOT)/Sources/noonian/Info.plist";
				LD_RUNPATH_SEARCH_PATHS = "$(inherited) @executable_path/../Frameworks";
				MACOSX_DEPLOYMENT_TARGET = 10.9;
				PRODUCT_BUNDLE_IDENTIFIER = com.scotthoyt.noonian;
				PRODUCT_NAME = "$(TARGET_NAME)";
				SWIFT_OPTIMIZATION_LEVEL = "-Onone";
				SWIFT_VERSION = 3.0;
			};
			name = Debug;
		};
		3BBD8B741DC823AF00EB7A35 /* Release */ = {
			isa = XCBuildConfiguration;
			buildSettings = {
				CLANG_ENABLE_MODULES = YES;
				COMBINE_HIDPI_IMAGES = YES;
				FRAMEWORK_SEARCH_PATHS = (
					"$(inherited)",
					"$(PROJECT_DIR)/Carthage/Build/Mac",
				);
				INFOPLIST_FILE = "$(SRCROOT)/Sources/noonian/Info.plist";
				LD_RUNPATH_SEARCH_PATHS = "$(inherited) @executable_path/../Frameworks";
				MACOSX_DEPLOYMENT_TARGET = 10.9;
				PRODUCT_BUNDLE_IDENTIFIER = com.scotthoyt.noonian;
				PRODUCT_NAME = "$(TARGET_NAME)";
				SWIFT_VERSION = 3.0;
			};
			name = Release;
		};
		3BBD8B761DC823AF00EB7A35 /* Debug */ = {
			isa = XCBuildConfiguration;
			buildSettings = {
				ALWAYS_EMBED_SWIFT_STANDARD_LIBRARIES = YES;
				CLANG_ENABLE_MODULES = YES;
				COMBINE_HIDPI_IMAGES = YES;
				INFOPLIST_FILE = Tests/NoonianKitTests/Info.plist;
				LD_RUNPATH_SEARCH_PATHS = "$(inherited) @executable_path/../Frameworks @loader_path/../Frameworks";
				PRODUCT_BUNDLE_IDENTIFIER = com.scotthoyt.NoonianTests;
				PRODUCT_NAME = "$(TARGET_NAME)";
				SWIFT_OPTIMIZATION_LEVEL = "-Onone";
				SWIFT_VERSION = 3.0;
			};
			name = Debug;
		};
		3BBD8B771DC823AF00EB7A35 /* Release */ = {
			isa = XCBuildConfiguration;
			buildSettings = {
				ALWAYS_EMBED_SWIFT_STANDARD_LIBRARIES = YES;
				CLANG_ENABLE_MODULES = YES;
				COMBINE_HIDPI_IMAGES = YES;
				INFOPLIST_FILE = Tests/NoonianKitTests/Info.plist;
				LD_RUNPATH_SEARCH_PATHS = "$(inherited) @executable_path/../Frameworks @loader_path/../Frameworks";
				PRODUCT_BUNDLE_IDENTIFIER = com.scotthoyt.NoonianTests;
				PRODUCT_NAME = "$(TARGET_NAME)";
				SWIFT_VERSION = 3.0;
			};
			name = Release;
		};
/* End XCBuildConfiguration section */

/* Begin XCConfigurationList section */
		3B4114B41DCB993000709803 /* Build configuration list for PBXNativeTarget "NoonianKit" */ = {
			isa = XCConfigurationList;
			buildConfigurations = (
				3B4114B51DCB993000709803 /* Debug */,
				3B4114B61DCB993000709803 /* Release */,
			);
			defaultConfigurationIsVisible = 0;
			defaultConfigurationName = Release;
		};
		3BBD8B551DC823AF00EB7A35 /* Build configuration list for PBXProject "Noonian" */ = {
			isa = XCConfigurationList;
			buildConfigurations = (
				3BBD8B701DC823AF00EB7A35 /* Debug */,
				3BBD8B711DC823AF00EB7A35 /* Release */,
			);
			defaultConfigurationIsVisible = 0;
			defaultConfigurationName = Release;
		};
		3BBD8B721DC823AF00EB7A35 /* Build configuration list for PBXNativeTarget "noonian" */ = {
			isa = XCConfigurationList;
			buildConfigurations = (
				3BBD8B731DC823AF00EB7A35 /* Debug */,
				3BBD8B741DC823AF00EB7A35 /* Release */,
			);
			defaultConfigurationIsVisible = 0;
			defaultConfigurationName = Release;
		};
		3BBD8B751DC823AF00EB7A35 /* Build configuration list for PBXNativeTarget "NoonianKitTests" */ = {
			isa = XCConfigurationList;
			buildConfigurations = (
				3BBD8B761DC823AF00EB7A35 /* Debug */,
				3BBD8B771DC823AF00EB7A35 /* Release */,
			);
			defaultConfigurationIsVisible = 0;
			defaultConfigurationName = Release;
		};
/* End XCConfigurationList section */
	};
	rootObject = 3BBD8B521DC823AF00EB7A35 /* Project object */;
}
